// !$*UTF8*$!
{
	archiveVersion = 1;
	classes = {
	};
	objectVersion = 46;
	objects = {

/* Begin PBXBuildFile section */
		F4258D701B3CFAA400863FA1 /* BirdUp copy.png in Resources */ = {isa = PBXBuildFile; fileRef = F4258D6F1B3CFAA400863FA1 /* BirdUp copy.png */; };
		F4FE05C51B3A347400E5F556 /* main.m in Sources */ = {isa = PBXBuildFile; fileRef = F4FE05C41B3A347400E5F556 /* main.m */; };
		F4FE05C81B3A347400E5F556 /* AppDelegate.m in Sources */ = {isa = PBXBuildFile; fileRef = F4FE05C71B3A347400E5F556 /* AppDelegate.m */; };
		F4FE05CB1B3A347400E5F556 /* ViewController.m in Sources */ = {isa = PBXBuildFile; fileRef = F4FE05CA1B3A347400E5F556 /* ViewController.m */; };
		F4FE05CE1B3A347400E5F556 /* Main.storyboard in Resources */ = {isa = PBXBuildFile; fileRef = F4FE05CC1B3A347400E5F556 /* Main.storyboard */; };
		F4FE05D01B3A347400E5F556 /* Images.xcassets in Resources */ = {isa = PBXBuildFile; fileRef = F4FE05CF1B3A347400E5F556 /* Images.xcassets */; };
		F4FE05D31B3A347400E5F556 /* LaunchScreen.xib in Resources */ = {isa = PBXBuildFile; fileRef = F4FE05D11B3A347400E5F556 /* LaunchScreen.xib */; };
		F4FE05DF1B3A347400E5F556 /* FlappyBirdTests.m in Sources */ = {isa = PBXBuildFile; fileRef = F4FE05DE1B3A347400E5F556 /* FlappyBirdTests.m */; };
		F4FE05ED1B3A449600E5F556 /* tunnel.png in Resources */ = {isa = PBXBuildFile; fileRef = F4FE05E81B3A449600E5F556 /* tunnel.png */; };
		F4FE05EE1B3A449600E5F556 /* MainMenu.png in Resources */ = {isa = PBXBuildFile; fileRef = F4FE05E91B3A449600E5F556 /* MainMenu.png */; };
		F4FE05EF1B3A449600E5F556 /* gameback.jpg in Resources */ = {isa = PBXBuildFile; fileRef = F4FE05EA1B3A449600E5F556 /* gameback.jpg */; };
		F4FE05F01B3A449600E5F556 /* BirdUp.png in Resources */ = {isa = PBXBuildFile; fileRef = F4FE05EB1B3A449600E5F556 /* BirdUp.png */; };
		F4FE06051B3B174900E5F556 /* UIViewController+Game.m in Sources */ = {isa = PBXBuildFile; fileRef = F4FE06041B3B174900E5F556 /* UIViewController+Game.m */; };
/* End PBXBuildFile section */

/* Begin PBXContainerItemProxy section */
		F4FE05D91B3A347400E5F556 /* PBXContainerItemProxy */ = {
			isa = PBXContainerItemProxy;
			containerPortal = F4FE05B71B3A347400E5F556 /* Project object */;
			proxyType = 1;
			remoteGlobalIDString = F4FE05BE1B3A347400E5F556;
			remoteInfo = FlappyBird;
		};
/* End PBXContainerItemProxy section */

/* Begin PBXFileReference section */
		F4258D6F1B3CFAA400863FA1 /* BirdUp copy.png */ = {isa = PBXFileReference; lastKnownFileType = image.png; path = "BirdUp copy.png"; sourceTree = "<group>"; };
		F4FE05BF1B3A347400E5F556 /* FlappyBird.app */ = {isa = PBXFileReference; explicitFileType = wrapper.application; includeInIndex = 0; path = FlappyBird.app; sourceTree = BUILT_PRODUCTS_DIR; };
		F4FE05C31B3A347400E5F556 /* Info.plist */ = {isa = PBXFileReference; lastKnownFileType = text.plist.xml; path = Info.plist; sourceTree = "<group>"; };
		F4FE05C41B3A347400E5F556 /* main.m */ = {isa = PBXFileReference; lastKnownFileType = sourcecode.c.objc; path = main.m; sourceTree = "<group>"; };
		F4FE05C61B3A347400E5F556 /* AppDelegate.h */ = {isa = PBXFileReference; lastKnownFileType = sourcecode.c.h; path = AppDelegate.h; sourceTree = "<group>"; };
		F4FE05C71B3A347400E5F556 /* AppDelegate.m */ = {isa = PBXFileReference; lastKnownFileType = sourcecode.c.objc; path = AppDelegate.m; sourceTree = "<group>"; };
		F4FE05C91B3A347400E5F556 /* ViewController.h */ = {isa = PBXFileReference; lastKnownFileType = sourcecode.c.h; path = ViewController.h; sourceTree = "<group>"; };
		F4FE05CA1B3A347400E5F556 /* ViewController.m */ = {isa = PBXFileReference; lastKnownFileType = sourcecode.c.objc; path = ViewController.m; sourceTree = "<group>"; };
		F4FE05CD1B3A347400E5F556 /* Base */ = {isa = PBXFileReference; explicitFileType = sourcecode.c.objc; name = Base; path = Base.lproj/Main.storyboard; sourceTree = "<group>"; };
		F4FE05CF1B3A347400E5F556 /* Images.xcassets */ = {isa = PBXFileReference; lastKnownFileType = folder.assetcatalog; path = Images.xcassets; sourceTree = "<group>"; };
		F4FE05D21B3A347400E5F556 /* Base */ = {isa = PBXFileReference; lastKnownFileType = file.xib; name = Base; path = Base.lproj/LaunchScreen.xib; sourceTree = "<group>"; };
		F4FE05D81B3A347400E5F556 /* FlappyBirdTests.xctest */ = {isa = PBXFileReference; explicitFileType = wrapper.cfbundle; includeInIndex = 0; path = FlappyBirdTests.xctest; sourceTree = BUILT_PRODUCTS_DIR; };
		F4FE05DD1B3A347400E5F556 /* Info.plist */ = {isa = PBXFileReference; lastKnownFileType = text.plist.xml; path = Info.plist; sourceTree = "<group>"; };
		F4FE05DE1B3A347400E5F556 /* FlappyBirdTests.m */ = {isa = PBXFileReference; lastKnownFileType = sourcecode.c.objc; path = FlappyBirdTests.m; sourceTree = "<group>"; };
		F4FE05E81B3A449600E5F556 /* tunnel.png */ = {isa = PBXFileReference; lastKnownFileType = image.png; path = tunnel.png; sourceTree = "<group>"; };
		F4FE05E91B3A449600E5F556 /* MainMenu.png */ = {isa = PBXFileReference; lastKnownFileType = image.png; path = MainMenu.png; sourceTree = "<group>"; };
		F4FE05EA1B3A449600E5F556 /* gameback.jpg */ = {isa = PBXFileReference; lastKnownFileType = image.jpeg; path = gameback.jpg; sourceTree = "<group>"; };
		F4FE05EB1B3A449600E5F556 /* BirdUp.png */ = {isa = PBXFileReference; lastKnownFileType = image.png; path = BirdUp.png; sourceTree = "<group>"; };
		F4FE06031B3B174900E5F556 /* UIViewController+Game.h */ = {isa = PBXFileReference; fileEncoding = 4; lastKnownFileType = sourcecode.c.h; name = "UIViewController+Game.h"; path = "../UIViewController+Game.h"; sourceTree = "<group>"; };
		F4FE06041B3B174900E5F556 /* UIViewController+Game.m */ = {isa = PBXFileReference; fileEncoding = 4; lastKnownFileType = sourcecode.c.objc; name = "UIViewController+Game.m"; path = "../UIViewController+Game.m"; sourceTree = "<group>"; };
/* End PBXFileReference section */

/* Begin PBXFrameworksBuildPhase section */
		F4FE05BC1B3A347400E5F556 /* Frameworks */ = {
			isa = PBXFrameworksBuildPhase;
			buildActionMask = 2147483647;
			files = (
			);
			runOnlyForDeploymentPostprocessing = 0;
		};
		F4FE05D51B3A347400E5F556 /* Frameworks */ = {
			isa = PBXFrameworksBuildPhase;
			buildActionMask = 2147483647;
			files = (
			);
			runOnlyForDeploymentPostprocessing = 0;
		};
/* End PBXFrameworksBuildPhase section */

/* Begin PBXGroup section */
		F4FE05B61B3A347400E5F556 = {
			isa = PBXGroup;
			children = (
				F4FE05C11B3A347400E5F556 /* FlappyBird */,
				F4FE05DB1B3A347400E5F556 /* FlappyBirdTests */,
				F4FE05C01B3A347400E5F556 /* Products */,
			);
			sourceTree = "<group>";
		};
		F4FE05C01B3A347400E5F556 /* Products */ = {
			isa = PBXGroup;
			children = (
				F4FE05BF1B3A347400E5F556 /* FlappyBird.app */,
				F4FE05D81B3A347400E5F556 /* FlappyBirdTests.xctest */,
			);
			name = Products;
			sourceTree = "<group>";
		};
		F4FE05C11B3A347400E5F556 /* FlappyBird */ = {
			isa = PBXGroup;
			children = (
				F4FE05C61B3A347400E5F556 /* AppDelegate.h */,
				F4FE05C71B3A347400E5F556 /* AppDelegate.m */,
				F4FE05C91B3A347400E5F556 /* ViewController.h */,
				F4FE06041B3B174900E5F556 /* UIViewController+Game.m */,
				F4FE05CA1B3A347400E5F556 /* ViewController.m */,
				F4FE06031B3B174900E5F556 /* UIViewController+Game.h */,
				F4FE05CC1B3A347400E5F556 /* Main.storyboard */,
				F4FE05CF1B3A347400E5F556 /* Images.xcassets */,
				F4FE05D11B3A347400E5F556 /* LaunchScreen.xib */,
				F4FE05C21B3A347400E5F556 /* Supporting Files */,
			);
			path = FlappyBird;
			sourceTree = "<group>";
		};
		F4FE05C21B3A347400E5F556 /* Supporting Files */ = {
			isa = PBXGroup;
			children = (
				F4FE05E81B3A449600E5F556 /* tunnel.png */,
				F4258D6F1B3CFAA400863FA1 /* BirdUp copy.png */,
				F4FE05E91B3A449600E5F556 /* MainMenu.png */,
				F4FE05EA1B3A449600E5F556 /* gameback.jpg */,
				F4FE05EB1B3A449600E5F556 /* BirdUp.png */,
				F4FE05C31B3A347400E5F556 /* Info.plist */,
				F4FE05C41B3A347400E5F556 /* main.m */,
			);
			name = "Supporting Files";
			sourceTree = "<group>";
		};
		F4FE05DB1B3A347400E5F556 /* FlappyBirdTests */ = {
			isa = PBXGroup;
			children = (
				F4FE05DE1B3A347400E5F556 /* FlappyBirdTests.m */,
				F4FE05DC1B3A347400E5F556 /* Supporting Files */,
			);
			path = FlappyBirdTests;
			sourceTree = "<group>";
		};
		F4FE05DC1B3A347400E5F556 /* Supporting Files */ = {
			isa = PBXGroup;
			children = (
				F4FE05DD1B3A347400E5F556 /* Info.plist */,
			);
			name = "Supporting Files";
			sourceTree = "<group>";
		};
/* End PBXGroup section */

/* Begin PBXNativeTarget section */
		F4FE05BE1B3A347400E5F556 /* FlappyBird */ = {
			isa = PBXNativeTarget;
			buildConfigurationList = F4FE05E21B3A347400E5F556 /* Build configuration list for PBXNativeTarget "FlappyBird" */;
			buildPhases = (
				F4FE05BB1B3A347400E5F556 /* Sources */,
				F4FE05BC1B3A347400E5F556 /* Frameworks */,
				F4FE05BD1B3A347400E5F556 /* Resources */,
			);
			buildRules = (
			);
			dependencies = (
			);
			name = FlappyBird;
			productName = FlappyBird;
			productReference = F4FE05BF1B3A347400E5F556 /* FlappyBird.app */;
			productType = "com.apple.product-type.application";
		};
		F4FE05D71B3A347400E5F556 /* FlappyBirdTests */ = {
			isa = PBXNativeTarget;
			buildConfigurationList = F4FE05E51B3A347400E5F556 /* Build configuration list for PBXNativeTarget "FlappyBirdTests" */;
			buildPhases = (
				F4FE05D41B3A347400E5F556 /* Sources */,
				F4FE05D51B3A347400E5F556 /* Frameworks */,
				F4FE05D61B3A347400E5F556 /* Resources */,
			);
			buildRules = (
			);
			dependencies = (
				F4FE05DA1B3A347400E5F556 /* PBXTargetDependency */,
			);
			name = FlappyBirdTests;
			productName = FlappyBirdTests;
			productReference = F4FE05D81B3A347400E5F556 /* FlappyBirdTests.xctest */;
			productType = "com.apple.product-type.bundle.unit-test";
		};
/* End PBXNativeTarget section */

/* Begin PBXProject section */
		F4FE05B71B3A347400E5F556 /* Project object */ = {
			isa = PBXProject;
			attributes = {
				LastUpgradeCheck = 0610;
				ORGANIZATIONNAME = Key;
				TargetAttributes = {
					F4FE05BE1B3A347400E5F556 = {
						CreatedOnToolsVersion = 6.1.1;
					};
					F4FE05D71B3A347400E5F556 = {
						CreatedOnToolsVersion = 6.1.1;
						TestTargetID = F4FE05BE1B3A347400E5F556;
					};
				};
			};
			buildConfigurationList = F4FE05BA1B3A347400E5F556 /* Build configuration list for PBXProject "FlappyBird" */;
			compatibilityVersion = "Xcode 3.2";
			developmentRegion = English;
			hasScannedForEncodings = 0;
			knownRegions = (
				en,
				Base,
			);
			mainGroup = F4FE05B61B3A347400E5F556;
			productRefGroup = F4FE05C01B3A347400E5F556 /* Products */;
			projectDirPath = "";
			projectRoot = "";
			targets = (
				F4FE05BE1B3A347400E5F556 /* FlappyBird */,
				F4FE05D71B3A347400E5F556 /* FlappyBirdTests */,
			);
		};
/* End PBXProject section */

/* Begin PBXResourcesBuildPhase section */
		F4FE05BD1B3A347400E5F556 /* Resources */ = {
			isa = PBXResourcesBuildPhase;
			buildActionMask = 2147483647;
			files = (
				F4FE05CE1B3A347400E5F556 /* Main.storyboard in Resources */,
				F4FE05D31B3A347400E5F556 /* LaunchScreen.xib in Resources */,
				F4FE05EF1B3A449600E5F556 /* gameback.jpg in Resources */,
				F4258D701B3CFAA400863FA1 /* BirdUp copy.png in Resources */,
				F4FE05EE1B3A449600E5F556 /* MainMenu.png in Resources */,
				F4FE05F01B3A449600E5F556 /* BirdUp.png in Resources */,
				F4FE05D01B3A347400E5F556 /* Images.xcassets in Resources */,
				F4FE05ED1B3A449600E5F556 /* tunnel.png in Resources */,
			);
			runOnlyForDeploymentPostprocessing = 0;
		};
		F4FE05D61B3A347400E5F556 /* Resources */ = {
			isa = PBXResourcesBuildPhase;
			buildActionMask = 2147483647;
			files = (
			);
			runOnlyForDeploymentPostprocessing = 0;
		};
/* End PBXResourcesBuildPhase section */

/* Begin PBXSourcesBuildPhase section */
		F4FE05BB1B3A347400E5F556 /* Sources */ = {
			isa = PBXSourcesBuildPhase;
			buildActionMask = 2147483647;
			files = (
				F4FE06051B3B174900E5F556 /* UIViewController+Game.m in Sources */,
				F4FE05CB1B3A347400E5F556 /* ViewController.m in Sources */,
				F4FE05C81B3A347400E5F556 /* AppDelegate.m in Sources */,
				F4FE05C51B3A347400E5F556 /* main.m in Sources */,
			);
			runOnlyForDeploymentPostprocessing = 0;
		};
		F4FE05D41B3A347400E5F556 /* Sources */ = {
			isa = PBXSourcesBuildPhase;
			buildActionMask = 2147483647;
			files = (
				F4FE05DF1B3A347400E5F556 /* FlappyBirdTests.m in Sources */,
			);
			runOnlyForDeploymentPostprocessing = 0;
		};
/* End PBXSourcesBuildPhase section */

/* Begin PBXTargetDependency section */
		F4FE05DA1B3A347400E5F556 /* PBXTargetDependency */ = {
			isa = PBXTargetDependency;
			target = F4FE05BE1B3A347400E5F556 /* FlappyBird */;
			targetProxy = F4FE05D91B3A347400E5F556 /* PBXContainerItemProxy */;
		};
/* End PBXTargetDependency section */

/* Begin PBXVariantGroup section */
		F4FE05CC1B3A347400E5F556 /* Main.storyboard */ = {
			isa = PBXVariantGroup;
			children = (
				F4FE05CD1B3A347400E5F556 /* Base */,
			);
			name = Main.storyboard;
			sourceTree = "<group>";
		};
		F4FE05D11B3A347400E5F556 /* LaunchScreen.xib */ = {
			isa = PBXVariantGroup;
			children = (
				F4FE05D21B3A347400E5F556 /* Base */,
			);
			name = LaunchScreen.xib;
			sourceTree = "<group>";
		};
/* End PBXVariantGroup section */

/* Begin XCBuildConfiguration section */
		F4FE05E01B3A347400E5F556 /* Debug */ = {
			isa = XCBuildConfiguration;
			buildSettings = {
				ALWAYS_SEARCH_USER_PATHS = NO;
				CLANG_CXX_LANGUAGE_STANDARD = "gnu++0x";
				CLANG_CXX_LIBRARY = "libc++";
				CLANG_ENABLE_MODULES = YES;
				CLANG_ENABLE_OBJC_ARC = YES;
				CLANG_WARN_BOOL_CONVERSION = YES;
				CLANG_WARN_CONSTANT_CONVERSION = YES;
				CLANG_WARN_DIRECT_OBJC_ISA_USAGE = YES_ERROR;
				CLANG_WARN_EMPTY_BODY = YES;
				CLANG_WARN_ENUM_CONVERSION = YES;
				CLANG_WARN_INT_CONVERSION = YES;
				CLANG_WARN_OBJC_ROOT_CLASS = YES_ERROR;
				CLANG_WARN_UNREACHABLE_CODE = YES;
				CLANG_WARN__DUPLICATE_METHOD_MATCH = YES;
				"CODE_SIGN_IDENTITY[sdk=iphoneos*]" = "iPhone Developer";
				COPY_PHASE_STRIP = NO;
				ENABLE_STRICT_OBJC_MSGSEND = YES;
				GCC_C_LANGUAGE_STANDARD = gnu99;
				GCC_DYNAMIC_NO_PIC = NO;
				GCC_OPTIMIZATION_LEVEL = 0;
				GCC_PREPROCESSOR_DEFINITIONS = (
					"DEBUG=1",
					"$(inherited)",
				);
				GCC_SYMBOLS_PRIVATE_EXTERN = NO;
				GCC_WARN_64_TO_32_BIT_CONVERSION = YES;
				GCC_WARN_ABOUT_RETURN_TYPE = YES_ERROR;
				GCC_WARN_UNDECLARED_SELECTOR = YES;
				GCC_WARN_UNINITIALIZED_AUTOS = YES_AGGRESSIVE;
				GCC_WARN_UNUSED_FUNCTION = YES;
				GCC_WARN_UNUSED_VARIABLE = YES;
				IPHONEOS_DEPLOYMENT_TARGET = 8.1;
				MTL_ENABLE_DEBUG_INFO = YES;
				ONLY_ACTIVE_ARCH = YES;
				SDKROOT = iphoneos;
			};
			name = Debug;
		};
		F4FE05E11B3A347400E5F556 /* Release */ = {
			isa = XCBuildConfiguration;
			buildSettings = {
				ALWAYS_SEARCH_USER_PATHS = NO;
				CLANG_CXX_LANGUAGE_STANDARD = "gnu++0x";
				CLANG_CXX_LIBRARY = "libc++";
				CLANG_ENABLE_MODULES = YES;
				CLANG_ENABLE_OBJC_ARC = YES;
				CLANG_WARN_BOOL_CONVERSION = YES;
				CLANG_WARN_CONSTANT_CONVERSION = YES;
				CLANG_WARN_DIRECT_OBJC_ISA_USAGE = YES_ERROR;
				CLANG_WARN_EMPTY_BODY = YES;
				CLANG_WARN_ENUM_CONVERSION = YES;
				CLANG_WARN_INT_CONVERSION = YES;
				CLANG_WARN_OBJC_ROOT_CLASS = YES_ERROR;
				CLANG_WARN_UNREACHABLE_CODE = YES;
				CLANG_WARN__DUPLICATE_METHOD_MATCH = YES;
				"CODE_SIGN_IDENTITY[sdk=iphoneos*]" = "iPhone Developer";
				COPY_PHASE_STRIP = YES;
				ENABLE_NS_ASSERTIONS = NO;
				ENABLE_STRICT_OBJC_MSGSEND = YES;
				GCC_C_LANGUAGE_STANDARD = gnu99;
				GCC_WARN_64_TO_32_BIT_CONVERSION = YES;
				GCC_WARN_ABOUT_RETURN_TYPE = YES_ERROR;
				GCC_WARN_UNDECLARED_SELECTOR = YES;
				GCC_WARN_UNINITIALIZED_AUTOS = YES_AGGRESSIVE;
				GCC_WARN_UNUSED_FUNCTION = YES;
				GCC_WARN_UNUSED_VARIABLE = YES;
				IPHONEOS_DEPLOYMENT_TARGET = 8.1;
				MTL_ENABLE_DEBUG_INFO = NO;
				SDKROOT = iphoneos;
				VALIDATE_PRODUCT = YES;
			};
			name = Release;
		};
		F4FE05E31B3A347400E5F556 /* Debug */ = {
			isa = XCBuildConfiguration;
			buildSettings = {
				ASSETCATALOG_COMPILER_APPICON_NAME = AppIcon;
				INFOPLIST_FILE = FlappyBird/Info.plist;
				LD_RUNPATH_SEARCH_PATHS = "$(inherited) @executable_path/Frameworks";
				PRODUCT_NAME = "$(TARGET_NAME)";
			};
			name = Debug;
		};
		F4FE05E41B3A347400E5F556 /* Release */ = {
			isa = XCBuildConfiguration;
			buildSettings = {
				ASSETCATALOG_COMPILER_APPICON_NAME = AppIcon;
				INFOPLIST_FILE = FlappyBird/Info.plist;
				LD_RUNPATH_SEARCH_PATHS = "$(inherited) @executable_path/Frameworks";
				PRODUCT_NAME = "$(TARGET_NAME)";
			};
			name = Release;
		};
		F4FE05E61B3A347400E5F556 /* Debug */ = {
			isa = XCBuildConfiguration;
			buildSettings = {
				BUNDLE_LOADER = "$(TEST_HOST)";
				FRAMEWORK_SEARCH_PATHS = (
					"$(SDKROOT)/Developer/Library/Frameworks",
					"$(inherited)",
				);
				GCC_PREPROCESSOR_DEFINITIONS = (
					"DEBUG=1",
					"$(inherited)",
				);
				INFOPLIST_FILE = FlappyBirdTests/Info.plist;
				LD_RUNPATH_SEARCH_PATHS = "$(inherited) @executable_path/Frameworks @loader_path/Frameworks";
				PRODUCT_NAME = "$(TARGET_NAME)";
				TEST_HOST = "$(BUILT_PRODUCTS_DIR)/FlappyBird.app/FlappyBird";
			};
			name = Debug;
		};
		F4FE05E71B3A347400E5F556 /* Release */ = {
			isa = XCBuildConfiguration;
			buildSettings = {
				BUNDLE_LOADER = "$(TEST_HOST)";
				FRAMEWORK_SEARCH_PATHS = (
					"$(SDKROOT)/Developer/Library/Frameworks",
					"$(inherited)",
				);
				INFOPLIST_FILE = FlappyBirdTests/Info.plist;
				LD_RUNPATH_SEARCH_PATHS = "$(inherited) @executable_path/Frameworks @loader_path/Frameworks";
				PRODUCT_NAME = "$(TARGET_NAME)";
				TEST_HOST = "$(BUILT_PRODUCTS_DIR)/FlappyBird.app/FlappyBird";
			};
			name = Release;
		};
/* End XCBuildConfiguration section */

/* Begin XCConfigurationList section */
		F4FE05BA1B3A347400E5F556 /* Build configuration list for PBXProject "FlappyBird" */ = {
			isa = XCConfigurationList;
			buildConfigurations = (
				F4FE05E01B3A347400E5F556 /* Debug */,
				F4FE05E11B3A347400E5F556 /* Release */,
			);
			defaultConfigurationIsVisible = 0;
			defaultConfigurationName = Release;
		};
		F4FE05E21B3A347400E5F556 /* Build configuration list for PBXNativeTarget "FlappyBird" */ = {
			isa = XCConfigurationList;
			buildConfigurations = (
				F4FE05E31B3A347400E5F556 /* Debug */,
				F4FE05E41B3A347400E5F556 /* Release */,
			);
			defaultConfigurationIsVisible = 0;
			defaultConfigurationName = Release;
		};
		F4FE05E51B3A347400E5F556 /* Build configuration list for PBXNativeTarget "FlappyBirdTests" */ = {
			isa = XCConfigurationList;
			buildConfigurations = (
				F4FE05E61B3A347400E5F556 /* Debug */,
				F4FE05E71B3A347400E5F556 /* Release */,
			);
			defaultConfigurationIsVisible = 0;
			defaultConfigurationName = Release;
		};
/* End XCConfigurationList section */
	};
	rootObject = F4FE05B71B3A347400E5F556 /* Project object */;
}
